
Microsoft Visual Studio Solution File, Format Version 12.00
# Visual Studio 15
VisualStudioVersion = 15.0.28010.2041
MinimumVisualStudioVersion = 10.0.40219.1
Project("{FAE04EC0-301F-11D3-BF4B-00C04F79EFBC}") = "GameService.Library", "GameService.Library\GameService.Library.csproj", "{57AA7912-64A6-4C1C-BAB8-5252F5B00FFD}"
EndProject
Project("{FAE04EC0-301F-11D3-BF4B-00C04F79EFBC}") = "GameService", "GameService\GameService.csproj", "{AC745A0C-568B-49B5-B787-45A05A608F28}"
EndProject
Project("{FAE04EC0-301F-11D3-BF4B-00C04F79EFBC}") = "TestApp", "TestApp\TestApp.csproj", "{1295905C-87BE-4964-9760-EE176587B9F3}"
EndProject
Project("{FAE04EC0-301F-11D3-BF4B-00C04F79EFBC}") = "PexesoApp", "PexesoApp\PexesoApp.csproj", "{83B7F6C4-BC6E-4821-8813-90E2977616CA}"
EndProject
Global
	GlobalSection(SolutionConfigurationPlatforms) = preSolution
		Debug|Any CPU = Debug|Any CPU
		Release|Any CPU = Release|Any CPU
	EndGlobalSection
	GlobalSection(ProjectConfigurationPlatforms) = postSolution
		{57AA7912-64A6-4C1C-BAB8-5252F5B00FFD}.Debug|Any CPU.ActiveCfg = Debug|Any CPU
		{57AA7912-64A6-4C1C-BAB8-5252F5B00FFD}.Debug|Any CPU.Build.0 = Debug|Any CPU
		{57AA7912-64A6-4C1C-BAB8-5252F5B00FFD}.Release|Any CPU.ActiveCfg = Release|Any CPU
		{57AA7912-64A6-4C1C-BAB8-5252F5B00FFD}.Release|Any CPU.Build.0 = Release|Any CPU
		{AC745A0C-568B-49B5-B787-45A05A608F28}.Debug|Any CPU.ActiveCfg = Debug|Any CPU
		{AC745A0C-568B-49B5-B787-45A05A608F28}.Debug|Any CPU.Build.0 = Debug|Any CPU
		{AC745A0C-568B-49B5-B787-45A05A608F28}.Release|Any CPU.ActiveCfg = Release|Any CPU
		{AC745A0C-568B-49B5-B787-45A05A608F28}.Release|Any CPU.Build.0 = Release|Any CPU
		{1295905C-87BE-4964-9760-EE176587B9F3}.Debug|Any CPU.ActiveCfg = Debug|Any CPU
		{1295905C-87BE-4964-9760-EE176587B9F3}.Debug|Any CPU.Build.0 = Debug|Any CPU
		{1295905C-87BE-4964-9760-EE176587B9F3}.Release|Any CPU.ActiveCfg = Release|Any CPU
		{1295905C-87BE-4964-9760-EE176587B9F3}.Release|Any CPU.Build.0 = Release|Any CPU
		{83B7F6C4-BC6E-4821-8813-90E2977616CA}.Debug|Any CPU.ActiveCfg = Debug|Any CPU
		{83B7F6C4-BC6E-4821-8813-90E2977616CA}.Debug|Any CPU.Build.0 = Debug|Any CPU
		{83B7F6C4-BC6E-4821-8813-90E2977616CA}.Release|Any CPU.ActiveCfg = Release|Any CPU
		{83B7F6C4-BC6E-4821-8813-90E2977616CA}.Release|Any CPU.Build.0 = Release|Any CPU
	EndGlobalSection
	GlobalSection(SolutionProperties) = preSolution
		HideSolutionNode = FALSE
	EndGlobalSection
	GlobalSection(ExtensibilityGlobals) = postSolution
		SolutionGuid = {83EA9629-ABFE-4678-A7C3-F279EA8166A3}
	EndGlobalSection
EndGlobal
